// !$*UTF8*$!
{
	archiveVersion = 1;
	classes = {
	};
	objectVersion = 50;
	objects = {

/* Begin PBXBuildFile section */
		8CE21E93233E73A400BDEA44 /* AppDelegate.swift in Sources */ = {isa = PBXBuildFile; fileRef = 8CE21E92233E73A400BDEA44 /* AppDelegate.swift */; };
		8CE21E95233E73A400BDEA44 /* ViewController.swift in Sources */ = {isa = PBXBuildFile; fileRef = 8CE21E94233E73A400BDEA44 /* ViewController.swift */; };
		8CE21E98233E73A400BDEA44 /* Main.storyboard in Resources */ = {isa = PBXBuildFile; fileRef = 8CE21E96233E73A400BDEA44 /* Main.storyboard */; };
		8CE21E9B233E73A400BDEA44 /* RESTAPISample.xcdatamodeld in Sources */ = {isa = PBXBuildFile; fileRef = 8CE21E99233E73A400BDEA44 /* RESTAPISample.xcdatamodeld */; };
		8CE21E9D233E73A600BDEA44 /* Assets.xcassets in Resources */ = {isa = PBXBuildFile; fileRef = 8CE21E9C233E73A600BDEA44 /* Assets.xcassets */; };
		8CE21EA0233E73A600BDEA44 /* LaunchScreen.storyboard in Resources */ = {isa = PBXBuildFile; fileRef = 8CE21E9E233E73A600BDEA44 /* LaunchScreen.storyboard */; };
/* End PBXBuildFile section */

/* Begin PBXFileReference section */
		8CE21E8F233E73A400BDEA44 /* RESTAPISample.app */ = {isa = PBXFileReference; explicitFileType = wrapper.application; includeInIndex = 0; path = RESTAPISample.app; sourceTree = BUILT_PRODUCTS_DIR; };
		8CE21E92233E73A400BDEA44 /* AppDelegate.swift */ = {isa = PBXFileReference; lastKnownFileType = sourcecode.swift; path = AppDelegate.swift; sourceTree = "<group>"; };
		8CE21E94233E73A400BDEA44 /* ViewController.swift */ = {isa = PBXFileReference; lastKnownFileType = sourcecode.swift; path = ViewController.swift; sourceTree = "<group>"; };
		8CE21E97233E73A400BDEA44 /* Base */ = {isa = PBXFileReference; lastKnownFileType = file.storyboard; name = Base; path = Base.lproj/Main.storyboard; sourceTree = "<group>"; };
		8CE21E9A233E73A400BDEA44 /* RESTAPISample.xcdatamodel */ = {isa = PBXFileReference; lastKnownFileType = wrapper.xcdatamodel; path = RESTAPISample.xcdatamodel; sourceTree = "<group>"; };
		8CE21E9C233E73A600BDEA44 /* Assets.xcassets */ = {isa = PBXFileReference; lastKnownFileType = folder.assetcatalog; path = Assets.xcassets; sourceTree = "<group>"; };
		8CE21E9F233E73A600BDEA44 /* Base */ = {isa = PBXFileReference; lastKnownFileType = file.storyboard; name = Base; path = Base.lproj/LaunchScreen.storyboard; sourceTree = "<group>"; };
		8CE21EA1233E73A600BDEA44 /* Info.plist */ = {isa = PBXFileReference; lastKnownFileType = text.plist.xml; path = Info.plist; sourceTree = "<group>"; };
/* End PBXFileReference section */

/* Begin PBXFrameworksBuildPhase section */
		8CE21E8C233E73A400BDEA44 /* Frameworks */ = {
			isa = PBXFrameworksBuildPhase;
			buildActionMask = 2147483647;
			files = (
			);
			runOnlyForDeploymentPostprocessing = 0;
		};
/* End PBXFrameworksBuildPhase section */

/* Begin PBXGroup section */
		8CE21E86233E73A400BDEA44 = {
			isa = PBXGroup;
			children = (
				8CE21E91233E73A400BDEA44 /* RESTAPISample */,
				8CE21E90233E73A400BDEA44 /* Products */,
			);
			sourceTree = "<group>";
		};
		8CE21E90233E73A400BDEA44 /* Products */ = {
			isa = PBXGroup;
			children = (
				8CE21E8F233E73A400BDEA44 /* RESTAPISample.app */,
			);
			name = Products;
			sourceTree = "<group>";
		};
		8CE21E91233E73A400BDEA44 /* RESTAPISample */ = {
			isa = PBXGroup;
			children = (
				8CE21E92233E73A400BDEA44 /* AppDelegate.swift */,
				8CE21E94233E73A400BDEA44 /* ViewController.swift */,
				8CE21E96233E73A400BDEA44 /* Main.storyboard */,
				8CE21E9C233E73A600BDEA44 /* Assets.xcassets */,
				8CE21E9E233E73A600BDEA44 /* LaunchScreen.storyboard */,
				8CE21EA1233E73A600BDEA44 /* Info.plist */,
				8CE21E99233E73A400BDEA44 /* RESTAPISample.xcdatamodeld */,
			);
			path = RESTAPISample;
			sourceTree = "<group>";
		};
/* End PBXGroup section */

/* Begin PBXNativeTarget section */
		8CE21E8E233E73A400BDEA44 /* RESTAPISample */ = {
			isa = PBXNativeTarget;
			buildConfigurationList = 8CE21EA4233E73A600BDEA44 /* Build configuration list for PBXNativeTarget "RESTAPISample" */;
			buildPhases = (
				8CE21E8B233E73A400BDEA44 /* Sources */,
				8CE21E8C233E73A400BDEA44 /* Frameworks */,
				8CE21E8D233E73A400BDEA44 /* Resources */,
			);
			buildRules = (
			);
			dependencies = (
			);
			name = RESTAPISample;
			productName = RESTAPISample;
			productReference = 8CE21E8F233E73A400BDEA44 /* RESTAPISample.app */;
			productType = "com.apple.product-type.application";
		};
/* End PBXNativeTarget section */

/* Begin PBXProject section */
		8CE21E87233E73A400BDEA44 /* Project object */ = {
			isa = PBXProject;
			attributes = {
				LastSwiftUpdateCheck = 1030;
				LastUpgradeCheck = 1030;
				ORGANIZATIONNAME = "Becko's Inc.";
				TargetAttributes = {
					8CE21E8E233E73A400BDEA44 = {
						CreatedOnToolsVersion = 10.3;
					};
				};
			};
			buildConfigurationList = 8CE21E8A233E73A400BDEA44 /* Build configuration list for PBXProject "RESTAPISample" */;
			compatibilityVersion = "Xcode 9.3";
			developmentRegion = en;
			hasScannedForEncodings = 0;
			knownRegions = (
				en,
				Base,
			);
			mainGroup = 8CE21E86233E73A400BDEA44;
			productRefGroup = 8CE21E90233E73A400BDEA44 /* Products */;
			projectDirPath = "";
			projectRoot = "";
			targets = (
				8CE21E8E233E73A400BDEA44 /* RESTAPISample */,
			);
		};
/* End PBXProject section */

/* Begin PBXResourcesBuildPhase section */
		8CE21E8D233E73A400BDEA44 /* Resources */ = {
			isa = PBXResourcesBuildPhase;
			buildActionMask = 2147483647;
			files = (
				8CE21EA0233E73A600BDEA44 /* LaunchScreen.storyboard in Resources */,
				8CE21E9D233E73A600BDEA44 /* Assets.xcassets in Resources */,
				8CE21E98233E73A400BDEA44 /* Main.storyboard in Resources */,
			);
			runOnlyForDeploymentPostprocessing = 0;
		};
/* End PBXResourcesBuildPhase section */

/* Begin PBXSourcesBuildPhase section */
		8CE21E8B233E73A400BDEA44 /* Sources */ = {
			isa = PBXSourcesBuildPhase;
			buildActionMask = 2147483647;
			files = (
				8CE21E95233E73A400BDEA44 /* ViewController.swift in Sources */,
				8CE21E9B233E73A400BDEA44 /* RESTAPISample.xcdatamodeld in Sources */,
				8CE21E93233E73A400BDEA44 /* AppDelegate.swift in Sources */,
			);
			runOnlyForDeploymentPostprocessing = 0;
		};
/* End PBXSourcesBuildPhase section */

/* Begin PBXVariantGroup section */
		8CE21E96233E73A400BDEA44 /* Main.storyboard */ = {
			isa = PBXVariantGroup;
			children = (
				8CE21E97233E73A400BDEA44 /* Base */,
			);
			name = Main.storyboard;
			sourceTree = "<group>";
		};
		8CE21E9E233E73A600BDEA44 /* LaunchScreen.storyboard */ = {
			isa = PBXVariantGroup;
			children = (
				8CE21E9F233E73A600BDEA44 /* Base */,
			);
			name = LaunchScreen.storyboard;
			sourceTree = "<group>";
		};
/* End PBXVariantGroup section */

/* Begin XCBuildConfiguration section */
		8CE21EA2233E73A600BDEA44 /* Debug */ = {
			isa = XCBuildConfiguration;
			buildSettings = {
				ALWAYS_SEARCH_USER_PATHS = NO;
				CLANG_ANALYZER_NONNULL = YES;
				CLANG_ANALYZER_NUMBER_OBJECT_CONVERSION = YES_AGGRESSIVE;
				CLANG_CXX_LANGUAGE_STANDARD = "gnu++14";
				CLANG_CXX_LIBRARY = "libc++";
				CLANG_ENABLE_MODULES = YES;
				CLANG_ENABLE_OBJC_ARC = YES;
				CLANG_ENABLE_OBJC_WEAK = YES;
				CLANG_WARN_BLOCK_CAPTURE_AUTORELEASING = YES;
				CLANG_WARN_BOOL_CONVERSION = YES;
				CLANG_WARN_COMMA = YES;
				CLANG_WARN_CONSTANT_CONVERSION = YES;
				CLANG_WARN_DEPRECATED_OBJC_IMPLEMENTATIONS = YES;
				CLANG_WARN_DIRECT_OBJC_ISA_USAGE = YES_ERROR;
				CLANG_WARN_DOCUMENTATION_COMMENTS = YES;
				CLANG_WARN_EMPTY_BODY = YES;
				CLANG_WARN_ENUM_CONVERSION = YES;
				CLANG_WARN_INFINITE_RECURSION = YES;
				CLANG_WARN_INT_CONVERSION = YES;
				CLANG_WARN_NON_LITERAL_NULL_CONVERSION = YES;
				CLANG_WARN_OBJC_IMPLICIT_RETAIN_SELF = YES;
				CLANG_WARN_OBJC_LITERAL_CONVERSION = YES;
				CLANG_WARN_OBJC_ROOT_CLASS = YES_ERROR;
				CLANG_WARN_RANGE_LOOP_ANALYSIS = YES;
				CLANG_WARN_STRICT_PROTOTYPES = YES;
				CLANG_WARN_SUSPICIOUS_MOVE = YES;
				CLANG_WARN_UNGUARDED_AVAILABILITY = YES_AGGRESSIVE;
				CLANG_WARN_UNREACHABLE_CODE = YES;
				CLANG_WARN__DUPLICATE_METHOD_MATCH = YES;
				CODE_SIGN_IDENTITY = "iPhone Developer";
				COPY_PHASE_STRIP = NO;
				DEBUG_INFORMATION_FORMAT = dwarf;
				ENABLE_STRICT_OBJC_MSGSEND = YES;
				ENABLE_TESTABILITY = YES;
				GCC_C_LANGUAGE_STANDARD = gnu11;
				GCC_DYNAMIC_NO_PIC = NO;
				GCC_NO_COMMON_BLOCKS = YES;
				GCC_OPTIMIZATION_LEVEL = 0;
				GCC_PREPROCESSOR_DEFINITIONS = (
					"DEBUG=1",
					"$(inherited)",
				);
				GCC_WARN_64_TO_32_BIT_CONVERSION = YES;
				GCC_WARN_ABOUT_RETURN_TYPE = YES_ERROR;
				GCC_WARN_UNDECLARED_SELECTOR = YES;
				GCC_WARN_UNINITIALIZED_AUTOS = YES_AGGRESSIVE;
				GCC_WARN_UNUSED_FUNCTION = YES;
				GCC_WARN_UNUSED_VARIABLE = YES;
				IPHONEOS_DEPLOYMENT_TARGET = 12.4;
				MTL_ENABLE_DEBUG_INFO = INCLUDE_SOURCE;
				MTL_FAST_MATH = YES;
				ONLY_ACTIVE_ARCH = YES;
				SDKROOT = iphoneos;
				SWIFT_ACTIVE_COMPILATION_CONDITIONS = DEBUG;
				SWIFT_OPTIMIZATION_LEVEL = "-Onone";
			};
			name = Debug;
		};
		8CE21EA3233E73A600BDEA44 /* Release */ = {
			isa = XCBuildConfiguration;
			buildSettings = {
				ALWAYS_SEARCH_USER_PATHS = NO;
				CLANG_ANALYZER_NONNULL = YES;
				CLANG_ANALYZER_NUMBER_OBJECT_CONVERSION = YES_AGGRESSIVE;
				CLANG_CXX_LANGUAGE_STANDARD = "gnu++14";
				CLANG_CXX_LIBRARY = "libc++";
				CLANG_ENABLE_MODULES = YES;
				CLANG_ENABLE_OBJC_ARC = YES;
				CLANG_ENABLE_OBJC_WEAK = YES;
				CLANG_WARN_BLOCK_CAPTURE_AUTORELEASING = YES;
				CLANG_WARN_BOOL_CONVERSION = YES;
				CLANG_WARN_COMMA = YES;
				CLANG_WARN_CONSTANT_CONVERSION = YES;
				CLANG_WARN_DEPRECATED_OBJC_IMPLEMENTATIONS = YES;
				CLANG_WARN_DIRECT_OBJC_ISA_USAGE = YES_ERROR;
				CLANG_WARN_DOCUMENTATION_COMMENTS = YES;
				CLANG_WARN_EMPTY_BODY = YES;
				CLANG_WARN_ENUM_CONVERSION = YES;
				CLANG_WARN_INFINITE_RECURSION = YES;
				CLANG_WARN_INT_CONVERSION = YES;
				CLANG_WARN_NON_LITERAL_NULL_CONVERSION = YES;
				CLANG_WARN_OBJC_IMPLICIT_RETAIN_SELF = YES;
				CLANG_WARN_OBJC_LITERAL_CONVERSION = YES;
				CLANG_WARN_OBJC_ROOT_CLASS = YES_ERROR;
				CLANG_WARN_RANGE_LOOP_ANALYSIS = YES;
				CLANG_WARN_STRICT_PROTOTYPES = YES;
				CLANG_WARN_SUSPICIOUS_MOVE = YES;
				CLANG_WARN_UNGUARDED_AVAILABILITY = YES_AGGRESSIVE;
				CLANG_WARN_UNREACHABLE_CODE = YES;
				CLANG_WARN__DUPLICATE_METHOD_MATCH = YES;
				CODE_SIGN_IDENTITY = "iPhone Developer";
				COPY_PHASE_STRIP = NO;
				DEBUG_INFORMATION_FORMAT = "dwarf-with-dsym";
				ENABLE_NS_ASSERTIONS = NO;
				ENABLE_STRICT_OBJC_MSGSEND = YES;
				GCC_C_LANGUAGE_STANDARD = gnu11;
				GCC_NO_COMMON_BLOCKS = YES;
				GCC_WARN_64_TO_32_BIT_CONVERSION = YES;
				GCC_WARN_ABOUT_RETURN_TYPE = YES_ERROR;
				GCC_WARN_UNDECLARED_SELECTOR = YES;
				GCC_WARN_UNINITIALIZED_AUTOS = YES_AGGRESSIVE;
				GCC_WARN_UNUSED_FUNCTION = YES;
				GCC_WARN_UNUSED_VARIABLE = YES;
				IPHONEOS_DEPLOYMENT_TARGET = 12.4;
				MTL_ENABLE_DEBUG_INFO = NO;
				MTL_FAST_MATH = YES;
				SDKROOT = iphoneos;
				SWIFT_COMPILATION_MODE = wholemodule;
				SWIFT_OPTIMIZATION_LEVEL = "-O";
				VALIDATE_PRODUCT = YES;
			};
			name = Release;
		};
		8CE21EA5233E73A600BDEA44 /* Debug */ = {
			isa = XCBuildConfiguration;
			buildSettings = {
				ASSETCATALOG_COMPILER_APPICON_NAME = AppIcon;
				CODE_SIGN_STYLE = Automatic;
				DEVELOPMENT_TEAM = GY7BG2G9TC;
				INFOPLIST_FILE = RESTAPISample/Info.plist;
				LD_RUNPATH_SEARCH_PATHS = (
					"$(inherited)",
					"@executable_path/Frameworks",
				);
				PRODUCT_BUNDLE_IDENTIFIER = com.beckos.RESTAPISample;
				PRODUCT_NAME = "$(TARGET_NAME)";
				SWIFT_VERSION = 5.0;
				TARGETED_DEVICE_FAMILY = "1,2";
			};
			name = Debug;
		};
		8CE21EA6233E73A600BDEA44 /* Release */ = {
			isa = XCBuildConfiguration;
			buildSettings = {
				ASSETCATALOG_COMPILER_APPICON_NAME = AppIcon;
				CODE_SIGN_STYLE = Automatic;
				DEVELOPMENT_TEAM = GY7BG2G9TC;
				INFOPLIST_FILE = RESTAPISample/Info.plist;
				LD_RUNPATH_SEARCH_PATHS = (
					"$(inherited)",
					"@executable_path/Frameworks",
				);
				PRODUCT_BUNDLE_IDENTIFIER = com.beckos.RESTAPISample;
				PRODUCT_NAME = "$(TARGET_NAME)";
				SWIFT_VERSION = 5.0;
				TARGETED_DEVICE_FAMILY = "1,2";
			};
			name = Release;
		};
/* End XCBuildConfiguration section */

/* Begin XCConfigurationList section */
		8CE21E8A233E73A400BDEA44 /* Build configuration list for PBXProject "RESTAPISample" */ = {
			isa = XCConfigurationList;
			buildConfigurations = (
				8CE21EA2233E73A600BDEA44 /* Debug */,
				8CE21EA3233E73A600BDEA44 /* Release */,
			);
			defaultConfigurationIsVisible = 0;
			defaultConfigurationName = Release;
		};
		8CE21EA4233E73A600BDEA44 /* Build configuration list for PBXNativeTarget "RESTAPISample" */ = {
			isa = XCConfigurationList;
			buildConfigurations = (
				8CE21EA5233E73A600BDEA44 /* Debug */,
				8CE21EA6233E73A600BDEA44 /* Release */,
			);
			defaultConfigurationIsVisible = 0;
			defaultConfigurationName = Release;
		};
/* End XCConfigurationList section */

/* Begin XCVersionGroup section */
		8CE21E99233E73A400BDEA44 /* RESTAPISample.xcdatamodeld */ = {
			isa = XCVersionGroup;
			children = (
				8CE21E9A233E73A400BDEA44 /* RESTAPISample.xcdatamodel */,
			);
			currentVersion = 8CE21E9A233E73A400BDEA44 /* RESTAPISample.xcdatamodel */;
			path = RESTAPISample.xcdatamodeld;
			sourceTree = "<group>";
			versionGroupType = wrapper.xcdatamodel;
		};
/* End XCVersionGroup section */
	};
	rootObject = 8CE21E87233E73A400BDEA44 /* Project object */;
}
